{
  "name": "Projetweb 3",
  "lockfileVersion": 3,
  "requires": true,
  "packages": {
    "": {
      "dependencies": {
        "babylonjs-materials": "^7.32.3"
      }
    },
    "node_modules/babylonjs": {
      "version": "7.32.3",
      "resolved": "https://registry.npmjs.org/babylonjs/-/babylonjs-7.32.3.tgz",
      "integrity": "sha512-T1BMkOe+ZheKvmMVufdwTSb5iCENWhmDzVVkRsPAYLz4Nn7/8AG0bw4bBPok0BsfyHHx01LaSFfjewUQXCrp4g==",
      "hasInstallScript": true,
      "license": "Apache-2.0"
    },
    "node_modules/babylonjs-materials": {
      "version": "7.32.3",
      "resolved": "https://registry.npmjs.org/babylonjs-materials/-/babylonjs-materials-7.32.3.tgz",
      "integrity": "sha512-XrX3UOzLSCNDpyt9uehlH+SFRXf0Ku9bW8LpWdFzgeDxujDWBJRelhmGlhqCqDo01MqV7/idmRAc4PKKZMJzcA==",
      "license": "Apache-2.0",
      "dependencies": {
        "babylonjs": "^7.32.3"
      }
    }
  }
}
